
Microsoft Visual Studio Solution File, Format Version 12.00
# Visual Studio 2012
Project("{FAE04EC0-301F-11D3-BF4B-00C04F79EFBC}") = "X3d", "X3d\X3d.csproj", "{0F861C52-3F9A-4381-B676-CF8202ED232A}"
EndProject
Project("{FAE04EC0-301F-11D3-BF4B-00C04F79EFBC}") = "X3dTest", "X3dTest\X3dTest.csproj", "{479F84F8-FE68-43E9-9400-380DEDE1B7F1}"
EndProject
Project("{2150E333-8FDC-42A3-9474-1A3956D46DE8}") = "X3D Schema", "X3D Schema", "{0F8F732B-D29D-44C9-98A4-079EC2AC1CE5}"
	ProjectSection(SolutionItems) = preProject
		Sample\Schema\x3d-3.0-Web3dExtensionsPrivate.xsd = Sample\Schema\x3d-3.0-Web3dExtensionsPrivate.xsd
		Sample\Schema\x3d-3.0-Web3dExtensionsPublic.xsd = Sample\Schema\x3d-3.0-Web3dExtensionsPublic.xsd
		Sample\Schema\x3d-3.0.xsd = Sample\Schema\x3d-3.0.xsd
		Sample\Schema\x3d-3.1-Web3dExtensionsPrivate.xsd = Sample\Schema\x3d-3.1-Web3dExtensionsPrivate.xsd
		Sample\Schema\x3d-3.1-Web3dExtensionsPublic.xsd = Sample\Schema\x3d-3.1-Web3dExtensionsPublic.xsd
		Sample\Schema\x3d-3.1.xsd = Sample\Schema\x3d-3.1.xsd
		Sample\Schema\x3d-3.2-Web3dExtensionsPrivate.xsd = Sample\Schema\x3d-3.2-Web3dExtensionsPrivate.xsd
		Sample\Schema\x3d-3.2-Web3dExtensionsPublic.xsd = Sample\Schema\x3d-3.2-Web3dExtensionsPublic.xsd
		Sample\Schema\x3d-3.2.xsd = Sample\Schema\x3d-3.2.xsd
	EndProjectSection
EndProject
Project("{2150E333-8FDC-42A3-9474-1A3956D46DE8}") = "X3D.NET Architecture", "X3D.NET Architecture", "{84BEFDFD-4789-48D9-B763-5508F2559691}"
	ProjectSection(SolutionItems) = preProject
		X3d\X3D.NET Core.cd = X3d\X3D.NET Core.cd
	EndProjectSection
EndProject
Global
	GlobalSection(SolutionConfigurationPlatforms) = preSolution
		Debug|Any CPU = Debug|Any CPU
		Release|Any CPU = Release|Any CPU
	EndGlobalSection
	GlobalSection(ProjectConfigurationPlatforms) = postSolution
		{0F861C52-3F9A-4381-B676-CF8202ED232A}.Debug|Any CPU.ActiveCfg = Debug|Any CPU
		{0F861C52-3F9A-4381-B676-CF8202ED232A}.Debug|Any CPU.Build.0 = Debug|Any CPU
		{0F861C52-3F9A-4381-B676-CF8202ED232A}.Release|Any CPU.ActiveCfg = Release|Any CPU
		{0F861C52-3F9A-4381-B676-CF8202ED232A}.Release|Any CPU.Build.0 = Release|Any CPU
		{479F84F8-FE68-43E9-9400-380DEDE1B7F1}.Debug|Any CPU.ActiveCfg = Debug|Any CPU
		{479F84F8-FE68-43E9-9400-380DEDE1B7F1}.Debug|Any CPU.Build.0 = Debug|Any CPU
		{479F84F8-FE68-43E9-9400-380DEDE1B7F1}.Release|Any CPU.ActiveCfg = Release|Any CPU
		{479F84F8-FE68-43E9-9400-380DEDE1B7F1}.Release|Any CPU.Build.0 = Release|Any CPU
	EndGlobalSection
	GlobalSection(SolutionProperties) = preSolution
		HideSolutionNode = FALSE
	EndGlobalSection
EndGlobal
